{
  "requires": true,
  "lockfileVersion": 1,
  "dependencies": {
    "@assemblyscript/loader": {
      "version": "0.17.2",
      "resolved": "https://registry.npmjs.org/@assemblyscript/loader/-/loader-0.17.2.tgz",
      "integrity": "sha512-8pLMRIMqPVxOnlyqjflNRuvoHShYNDCeUI3VXN6dr+c3lD4W5lwQnRdJviku8U4opv7CSDfIDZ99uRTwqcBIIA=="
    },
    "assemblyscript": {
      "version": "0.17.2",
      "resolved": "https://registry.npmjs.org/assemblyscript/-/assemblyscript-0.17.2.tgz",
      "integrity": "sha512-QpHROlgiNLdqTrJCnPAwU61uStFCJ7PSW2IDYkiRbWlcHG9lNUaw/SwivCAQCEh+3GjSqZH8Q1mehSmhNDtFtA==",
      "requires": {
        "binaryen": "98.0.0-nightly.20201109",
        "long": "^4.0.0"
      }
    },
    "binaryen": {
      "version": "98.0.0-nightly.20201109",
      "resolved": "https://registry.npmjs.org/binaryen/-/binaryen-98.0.0-nightly.20201109.tgz",
      "integrity": "sha512-iRarAqdH5lMWlMBzrDuJgLYJR2g4QXk93iYE2zpr6gEZkb/jCgDpPUXdhuN11Ge1zZ/6By4DwA1mmifcx7FWaw=="
    },
    "fengari": {
      "version": "0.1.4",
      "resolved": "https://registry.npmjs.org/fengari/-/fengari-0.1.4.tgz",
      "integrity": "sha512-6ujqUuiIYmcgkGz8MGAdERU57EIluGGPSUgGPTsco657EHa+srq0S3/YUl/r9kx1+D+d4rGfYObd+m8K22gB1g==",
      "requires": {
        "fengari-web": "^0.1.4",
        "readline-sync": "^1.4.9",
        "sprintf-js": "^1.1.1",
        "tmp": "^0.0.33"
      }
    },
    "fengari-interop": {
      "version": "0.1.2",
      "resolved": "https://registry.npmjs.org/fengari-interop/-/fengari-interop-0.1.2.tgz",
      "integrity": "sha512-8iTvaByZVoi+lQJhHH9vC+c/Yaok9CwOqNQZN6JrVpjmWwW4dDkeblBXhnHC+BoI6eF4Cy5NKW3z6ICEjvgywQ=="
    },
    "fengari-web": {
      "version": "0.1.4",
      "resolved": "https://registry.npmjs.org/fengari-web/-/fengari-web-0.1.4.tgz",
      "integrity": "sha512-f+W/Csx9VNyKttxYjZnk6290+Pcs7w7noDVhkuPEt0e51GWoD32vSNHFXhZYzTe8Ni/bhbk5VocNV1RBIgO5iA==",
      "requires": {
        "fengari": "^0.1.4",
        "fengari-interop": "^0.1"
      }
    },
    "long": {
      "version": "4.0.0",
      "resolved": "https://registry.npmjs.org/long/-/long-4.0.0.tgz",
      "integrity": "sha512-XsP+KhQif4bjX1kbuSiySJFNAehNxgLb6hPRGJ9QsUr8ajHkuXGdrHmFUTUUXhDwVX2R5bY4JNZEwbUiMhV+MA=="
    },
    "os-tmpdir": {
      "version": "1.0.2",
      "resolved": "https://registry.npmjs.org/os-tmpdir/-/os-tmpdir-1.0.2.tgz",
      "integrity": "sha1-u+Z0BseaqFxc/sdm/lc0VV36EnQ="
    },
    "readline-sync": {
      "version": "1.4.10",
      "resolved": "https://registry.npmjs.org/readline-sync/-/readline-sync-1.4.10.tgz",
      "integrity": "sha512-gNva8/6UAe8QYepIQH/jQ2qn91Qj0B9sYjMBBs3QOB8F2CXcKgLxQaJRP76sWVRQt+QU+8fAkCbCvjjMFu7Ycw=="
    },
    "sprintf-js": {
      "version": "1.1.2",
      "resolved": "https://registry.npmjs.org/sprintf-js/-/sprintf-js-1.1.2.tgz",
      "integrity": "sha512-VE0SOVEHCk7Qc8ulkWw3ntAzXuqf7S2lvwQaDLRnUeIEaKNQJzV6BwmLKhOqT61aGhfUMrXeaBk+oDGCzvhcug=="
    },
    "tmp": {
      "version": "0.0.33",
      "resolved": "https://registry.npmjs.org/tmp/-/tmp-0.0.33.tgz",
      "integrity": "sha512-jRCJlojKnZ3addtTOjdIqoRuPEKBvNXcGYqzO6zWZX8KfKEpnGY5jfggJQ3EjKuu8D4bJRr0y+cYJFmYbImXGw==",
      "requires": {
        "os-tmpdir": "~1.0.2"
      }
    }
  }
}
